
Microsoft Visual Studio Solution File, Format Version 12.00
# Visual Studio 2013
VisualStudioVersion = 12.0.21005.1
MinimumVisualStudioVersion = 10.0.40219.1
Project("{FAE04EC0-301F-11D3-BF4B-00C04F79EFBC}") = "ClassRoomApp", "ClassRoomApp\ClassRoomApp.csproj", "{686C8BE2-73B1-497C-ACB9-B44ECFD8C7A4}"
EndProject
Project("{FAE04EC0-301F-11D3-BF4B-00C04F79EFBC}") = "DiaryLib", "DiaryLib\DiaryLib.csproj", "{EE5DF1AA-C40D-43AF-8CB7-3CE4ACF78A7B}"
EndProject
Project("{FAE04EC0-301F-11D3-BF4B-00C04F79EFBC}") = "DiaryApp", "DiaryApp\DiaryApp.csproj", "{DC69B467-06B9-4C0C-A73F-37E5BEE63A24}"
EndProject
Project("{00D1A9C2-B5F0-4AF3-8072-F6C62B433612}") = "ModelHighSchoolDB", "..\..\Visual Studio 2013\Projects\ModelHighSchoolDB\ModelHighSchoolDB.sqlproj", "{F6DC2671-58DF-4D3A-BC83-A2B9524E86DD}"
EndProject
Project("{FAE04EC0-301F-11D3-BF4B-00C04F79EFBC}") = "ClassRoomServer", "ClassRoomServer\ClassRoomServer.csproj", "{1EB683A5-2EE0-4BB1-9627-4EDC46B89922}"
EndProject
Project("{FAE04EC0-301F-11D3-BF4B-00C04F79EFBC}") = "ClassRoomWeb", "ClassRoomWeb\ClassRoomWeb.csproj", "{FCE1B25A-C0D7-44CE-A35B-871463CE7D44}"
EndProject
Project("{FAE04EC0-301F-11D3-BF4B-00C04F79EFBC}") = "ClassRoomWeb.Tests", "ClassRoomWeb.Tests\ClassRoomWeb.Tests.csproj", "{01DDE6DE-507F-4441-A10C-DB913BB44F3A}"
EndProject
Project("{FAE04EC0-301F-11D3-BF4B-00C04F79EFBC}") = "ClassRoomDB", "ClassRoomDB\ClassRoomDB.csproj", "{EDE3F374-8EC4-4559-A76A-64A274E42C7A}"
EndProject
Project("{FAE04EC0-301F-11D3-BF4B-00C04F79EFBC}") = "UnitTestClassRoomDB", "UnitTestClassRoomDB\UnitTestClassRoomDB.csproj", "{209CECC4-E46D-49DD-A3CC-9B3CAD48267F}"
EndProject
Project("{FAE04EC0-301F-11D3-BF4B-00C04F79EFBC}") = "ClassroomService", "ClassroomService\ClassroomService.csproj", "{A6B2B3DC-202B-4481-B1CF-2FCB4F4BFF5B}"
EndProject
Project("{FAE04EC0-301F-11D3-BF4B-00C04F79EFBC}") = "ClassroomWebService", "ClassroomWebService\ClassroomWebService.csproj", "{CD1D9724-D7F5-43D4-B41B-23E4B88ED21A}"
EndProject
Global
	GlobalSection(SolutionConfigurationPlatforms) = preSolution
		Debug|Any CPU = Debug|Any CPU
		Release|Any CPU = Release|Any CPU
	EndGlobalSection
	GlobalSection(ProjectConfigurationPlatforms) = postSolution
		{686C8BE2-73B1-497C-ACB9-B44ECFD8C7A4}.Debug|Any CPU.ActiveCfg = Debug|Any CPU
		{686C8BE2-73B1-497C-ACB9-B44ECFD8C7A4}.Debug|Any CPU.Build.0 = Debug|Any CPU
		{686C8BE2-73B1-497C-ACB9-B44ECFD8C7A4}.Release|Any CPU.ActiveCfg = Release|Any CPU
		{686C8BE2-73B1-497C-ACB9-B44ECFD8C7A4}.Release|Any CPU.Build.0 = Release|Any CPU
		{EE5DF1AA-C40D-43AF-8CB7-3CE4ACF78A7B}.Debug|Any CPU.ActiveCfg = Debug|Any CPU
		{EE5DF1AA-C40D-43AF-8CB7-3CE4ACF78A7B}.Debug|Any CPU.Build.0 = Debug|Any CPU
		{EE5DF1AA-C40D-43AF-8CB7-3CE4ACF78A7B}.Release|Any CPU.ActiveCfg = Release|Any CPU
		{EE5DF1AA-C40D-43AF-8CB7-3CE4ACF78A7B}.Release|Any CPU.Build.0 = Release|Any CPU
		{DC69B467-06B9-4C0C-A73F-37E5BEE63A24}.Debug|Any CPU.ActiveCfg = Debug|Any CPU
		{DC69B467-06B9-4C0C-A73F-37E5BEE63A24}.Debug|Any CPU.Build.0 = Debug|Any CPU
		{DC69B467-06B9-4C0C-A73F-37E5BEE63A24}.Release|Any CPU.ActiveCfg = Release|Any CPU
		{DC69B467-06B9-4C0C-A73F-37E5BEE63A24}.Release|Any CPU.Build.0 = Release|Any CPU
		{F6DC2671-58DF-4D3A-BC83-A2B9524E86DD}.Debug|Any CPU.ActiveCfg = Debug|Any CPU
		{F6DC2671-58DF-4D3A-BC83-A2B9524E86DD}.Debug|Any CPU.Build.0 = Debug|Any CPU
		{F6DC2671-58DF-4D3A-BC83-A2B9524E86DD}.Debug|Any CPU.Deploy.0 = Debug|Any CPU
		{F6DC2671-58DF-4D3A-BC83-A2B9524E86DD}.Release|Any CPU.ActiveCfg = Release|Any CPU
		{F6DC2671-58DF-4D3A-BC83-A2B9524E86DD}.Release|Any CPU.Build.0 = Release|Any CPU
		{F6DC2671-58DF-4D3A-BC83-A2B9524E86DD}.Release|Any CPU.Deploy.0 = Release|Any CPU
		{1EB683A5-2EE0-4BB1-9627-4EDC46B89922}.Debug|Any CPU.ActiveCfg = Debug|Any CPU
		{1EB683A5-2EE0-4BB1-9627-4EDC46B89922}.Debug|Any CPU.Build.0 = Debug|Any CPU
		{1EB683A5-2EE0-4BB1-9627-4EDC46B89922}.Release|Any CPU.ActiveCfg = Release|Any CPU
		{1EB683A5-2EE0-4BB1-9627-4EDC46B89922}.Release|Any CPU.Build.0 = Release|Any CPU
		{FCE1B25A-C0D7-44CE-A35B-871463CE7D44}.Debug|Any CPU.ActiveCfg = Debug|Any CPU
		{FCE1B25A-C0D7-44CE-A35B-871463CE7D44}.Debug|Any CPU.Build.0 = Debug|Any CPU
		{FCE1B25A-C0D7-44CE-A35B-871463CE7D44}.Release|Any CPU.ActiveCfg = Release|Any CPU
		{FCE1B25A-C0D7-44CE-A35B-871463CE7D44}.Release|Any CPU.Build.0 = Release|Any CPU
		{01DDE6DE-507F-4441-A10C-DB913BB44F3A}.Debug|Any CPU.ActiveCfg = Debug|Any CPU
		{01DDE6DE-507F-4441-A10C-DB913BB44F3A}.Debug|Any CPU.Build.0 = Debug|Any CPU
		{01DDE6DE-507F-4441-A10C-DB913BB44F3A}.Release|Any CPU.ActiveCfg = Release|Any CPU
		{01DDE6DE-507F-4441-A10C-DB913BB44F3A}.Release|Any CPU.Build.0 = Release|Any CPU
		{EDE3F374-8EC4-4559-A76A-64A274E42C7A}.Debug|Any CPU.ActiveCfg = Debug|Any CPU
		{EDE3F374-8EC4-4559-A76A-64A274E42C7A}.Debug|Any CPU.Build.0 = Debug|Any CPU
		{EDE3F374-8EC4-4559-A76A-64A274E42C7A}.Release|Any CPU.ActiveCfg = Release|Any CPU
		{EDE3F374-8EC4-4559-A76A-64A274E42C7A}.Release|Any CPU.Build.0 = Release|Any CPU
		{209CECC4-E46D-49DD-A3CC-9B3CAD48267F}.Debug|Any CPU.ActiveCfg = Debug|Any CPU
		{209CECC4-E46D-49DD-A3CC-9B3CAD48267F}.Debug|Any CPU.Build.0 = Debug|Any CPU
		{209CECC4-E46D-49DD-A3CC-9B3CAD48267F}.Release|Any CPU.ActiveCfg = Release|Any CPU
		{209CECC4-E46D-49DD-A3CC-9B3CAD48267F}.Release|Any CPU.Build.0 = Release|Any CPU
		{A6B2B3DC-202B-4481-B1CF-2FCB4F4BFF5B}.Debug|Any CPU.ActiveCfg = Debug|Any CPU
		{A6B2B3DC-202B-4481-B1CF-2FCB4F4BFF5B}.Debug|Any CPU.Build.0 = Debug|Any CPU
		{A6B2B3DC-202B-4481-B1CF-2FCB4F4BFF5B}.Release|Any CPU.ActiveCfg = Release|Any CPU
		{A6B2B3DC-202B-4481-B1CF-2FCB4F4BFF5B}.Release|Any CPU.Build.0 = Release|Any CPU
		{CD1D9724-D7F5-43D4-B41B-23E4B88ED21A}.Debug|Any CPU.ActiveCfg = Debug|Any CPU
		{CD1D9724-D7F5-43D4-B41B-23E4B88ED21A}.Debug|Any CPU.Build.0 = Debug|Any CPU
		{CD1D9724-D7F5-43D4-B41B-23E4B88ED21A}.Release|Any CPU.ActiveCfg = Release|Any CPU
		{CD1D9724-D7F5-43D4-B41B-23E4B88ED21A}.Release|Any CPU.Build.0 = Release|Any CPU
	EndGlobalSection
	GlobalSection(SolutionProperties) = preSolution
		HideSolutionNode = FALSE
	EndGlobalSection
EndGlobal
